
Microsoft Visual Studio Solution File, Format Version 12.00
# Visual Studio Version 16
VisualStudioVersion = 16.0.30114.105
MinimumVisualStudioVersion = 10.0.40219.1
Project("{FAE04EC0-301F-11D3-BF4B-00C04F79EFBC}") = "Three-TierProject", "Three-TierProject\Three-TierProject.csproj", "{8EE54F0E-16E9-456D-9F1B-A7759D3CBE7A}"
EndProject
Project("{FAE04EC0-301F-11D3-BF4B-00C04F79EFBC}") = "WoodWorkshop", "WoodWorkshop\WoodWorkshop.csproj", "{6BBED123-CE72-497E-AF0D-84178D815601}"
EndProject
Global
	GlobalSection(SolutionConfigurationPlatforms) = preSolution
		Debug|Any CPU = Debug|Any CPU
		Release|Any CPU = Release|Any CPU
	EndGlobalSection
	GlobalSection(ProjectConfigurationPlatforms) = postSolution
		{8EE54F0E-16E9-456D-9F1B-A7759D3CBE7A}.Debug|Any CPU.ActiveCfg = Debug|Any CPU
		{8EE54F0E-16E9-456D-9F1B-A7759D3CBE7A}.Debug|Any CPU.Build.0 = Debug|Any CPU
		{8EE54F0E-16E9-456D-9F1B-A7759D3CBE7A}.Release|Any CPU.ActiveCfg = Release|Any CPU
		{8EE54F0E-16E9-456D-9F1B-A7759D3CBE7A}.Release|Any CPU.Build.0 = Release|Any CPU
		{6BBED123-CE72-497E-AF0D-84178D815601}.Debug|Any CPU.ActiveCfg = Debug|Any CPU
		{6BBED123-CE72-497E-AF0D-84178D815601}.Debug|Any CPU.Build.0 = Debug|Any CPU
		{6BBED123-CE72-497E-AF0D-84178D815601}.Release|Any CPU.ActiveCfg = Release|Any CPU
		{6BBED123-CE72-497E-AF0D-84178D815601}.Release|Any CPU.Build.0 = Release|Any CPU
	EndGlobalSection
	GlobalSection(SolutionProperties) = preSolution
		HideSolutionNode = FALSE
	EndGlobalSection
	GlobalSection(ExtensibilityGlobals) = postSolution
		SolutionGuid = {06A79044-FF7D-42DE-B6C0-CECC250ACC93}
	EndGlobalSection
EndGlobal
